
Microsoft Visual Studio Solution File, Format Version 12.00
# Visual Studio Version 17
VisualStudioVersion = 17.14.36401.2 d17.14
MinimumVisualStudioVersion = 10.0.40219.1
Project("{FAE04EC0-301F-11D3-BF4B-00C04F79EFBC}") = "Online-Quiz-Platform", "backend\Online-Quiz-Platform.csproj", "{0E2BD0CA-12F9-43A1-89B8-AFABF46A0B1E}"
EndProject
Global
	GlobalSection(SolutionConfigurationPlatforms) = preSolution
		Debug|Any CPU = Debug|Any CPU
		Release|Any CPU = Release|Any CPU
	EndGlobalSection
	GlobalSection(ProjectConfigurationPlatforms) = postSolution
		{0E2BD0CA-12F9-43A1-89B8-AFABF46A0B1E}.Debug|Any CPU.ActiveCfg = Debug|Any CPU
		{0E2BD0CA-12F9-43A1-89B8-AFABF46A0B1E}.Debug|Any CPU.Build.0 = Debug|Any CPU
		{0E2BD0CA-12F9-43A1-89B8-AFABF46A0B1E}.Release|Any CPU.ActiveCfg = Release|Any CPU
		{0E2BD0CA-12F9-43A1-89B8-AFABF46A0B1E}.Release|Any CPU.Build.0 = Release|Any CPU
	EndGlobalSection
	GlobalSection(SolutionProperties) = preSolution
		HideSolutionNode = FALSE
	EndGlobalSection
	GlobalSection(ExtensibilityGlobals) = postSolution
		SolutionGuid = {858F555C-65D8-41CD-903F-74D0FCF777FD}
	EndGlobalSection
EndGlobal
